
Microsoft Visual Studio Solution File, Format Version 12.00
# Visual Studio Version 16
VisualStudioVersion = 16.0.30804.86
MinimumVisualStudioVersion = 10.0.40219.1
Project("{FAE04EC0-301F-11D3-BF4B-00C04F79EFBC}") = "Atividade-Final", "Atividade-Final\Atividade-Final.csproj", "{431AE97E-FD4D-43AC-AABE-5C875A2EB7FD}"
EndProject
Global
	GlobalSection(SolutionConfigurationPlatforms) = preSolution
		Debug|Any CPU = Debug|Any CPU
		Release|Any CPU = Release|Any CPU
	EndGlobalSection
	GlobalSection(ProjectConfigurationPlatforms) = postSolution
		{431AE97E-FD4D-43AC-AABE-5C875A2EB7FD}.Debug|Any CPU.ActiveCfg = Debug|Any CPU
		{431AE97E-FD4D-43AC-AABE-5C875A2EB7FD}.Debug|Any CPU.Build.0 = Debug|Any CPU
		{431AE97E-FD4D-43AC-AABE-5C875A2EB7FD}.Release|Any CPU.ActiveCfg = Release|Any CPU
		{431AE97E-FD4D-43AC-AABE-5C875A2EB7FD}.Release|Any CPU.Build.0 = Release|Any CPU
	EndGlobalSection
	GlobalSection(SolutionProperties) = preSolution
		HideSolutionNode = FALSE
	EndGlobalSection
	GlobalSection(ExtensibilityGlobals) = postSolution
		SolutionGuid = {B7B718AC-F8EE-4C9E-BACC-ACE5EC4E7313}
	EndGlobalSection
EndGlobal
